// !$*UTF8*$!
{
	archiveVersion = 1;
	classes = {
	};
	objectVersion = 50;
	objects = {

/* Begin PBXBuildFile section */
		4D4170B52393C5F60055777C /* AppDelegate.swift in Sources */ = {isa = PBXBuildFile; fileRef = 4D4170B42393C5F60055777C /* AppDelegate.swift */; };
		4D4170B72393C5F60055777C /* SceneDelegate.swift in Sources */ = {isa = PBXBuildFile; fileRef = 4D4170B62393C5F60055777C /* SceneDelegate.swift */; };
		4D4170B92393C5F60055777C /* ViewController.swift in Sources */ = {isa = PBXBuildFile; fileRef = 4D4170B82393C5F60055777C /* ViewController.swift */; };
		4D4170BC2393C5F60055777C /* Main.storyboard in Resources */ = {isa = PBXBuildFile; fileRef = 4D4170BA2393C5F60055777C /* Main.storyboard */; };
		4D4170BF2393C5F60055777C /* CollectionView.xcdatamodeld in Sources */ = {isa = PBXBuildFile; fileRef = 4D4170BD2393C5F60055777C /* CollectionView.xcdatamodeld */; };
		4D4170C12393C5F70055777C /* Assets.xcassets in Resources */ = {isa = PBXBuildFile; fileRef = 4D4170C02393C5F70055777C /* Assets.xcassets */; };
		4D4170CF2393C5F70055777C /* CollectionViewTests.swift in Sources */ = {isa = PBXBuildFile; fileRef = 4D4170CE2393C5F70055777C /* CollectionViewTests.swift */; };
		4D4170DA2393C5F80055777C /* CollectionViewUITests.swift in Sources */ = {isa = PBXBuildFile; fileRef = 4D4170D92393C5F80055777C /* CollectionViewUITests.swift */; };
		4D4170E82393CF750055777C /* UiCollectionViewCell.swift in Sources */ = {isa = PBXBuildFile; fileRef = 4D4170E72393CF750055777C /* UiCollectionViewCell.swift */; };
/* End PBXBuildFile section */

/* Begin PBXContainerItemProxy section */
		4D4170CB2393C5F70055777C /* PBXContainerItemProxy */ = {
			isa = PBXContainerItemProxy;
			containerPortal = 4D4170A92393C5F60055777C /* Project object */;
			proxyType = 1;
			remoteGlobalIDString = 4D4170B02393C5F60055777C;
			remoteInfo = CollectionView;
		};
		4D4170D62393C5F80055777C /* PBXContainerItemProxy */ = {
			isa = PBXContainerItemProxy;
			containerPortal = 4D4170A92393C5F60055777C /* Project object */;
			proxyType = 1;
			remoteGlobalIDString = 4D4170B02393C5F60055777C;
			remoteInfo = CollectionView;
		};
/* End PBXContainerItemProxy section */

/* Begin PBXFileReference section */
		4D4170B12393C5F60055777C /* CollectionView.app */ = {isa = PBXFileReference; explicitFileType = wrapper.application; includeInIndex = 0; path = CollectionView.app; sourceTree = BUILT_PRODUCTS_DIR; };
		4D4170B42393C5F60055777C /* AppDelegate.swift */ = {isa = PBXFileReference; lastKnownFileType = sourcecode.swift; path = AppDelegate.swift; sourceTree = "<group>"; };
		4D4170B62393C5F60055777C /* SceneDelegate.swift */ = {isa = PBXFileReference; lastKnownFileType = sourcecode.swift; path = SceneDelegate.swift; sourceTree = "<group>"; };
		4D4170B82393C5F60055777C /* ViewController.swift */ = {isa = PBXFileReference; lastKnownFileType = sourcecode.swift; path = ViewController.swift; sourceTree = "<group>"; };
		4D4170BB2393C5F60055777C /* Base */ = {isa = PBXFileReference; lastKnownFileType = file.storyboard; name = Base; path = Base.lproj/Main.storyboard; sourceTree = "<group>"; };
		4D4170BE2393C5F60055777C /* CollectionView.xcdatamodel */ = {isa = PBXFileReference; lastKnownFileType = wrapper.xcdatamodel; path = CollectionView.xcdatamodel; sourceTree = "<group>"; };
		4D4170C02393C5F70055777C /* Assets.xcassets */ = {isa = PBXFileReference; lastKnownFileType = folder.assetcatalog; path = Assets.xcassets; sourceTree = "<group>"; };
		4D4170C52393C5F70055777C /* Info.plist */ = {isa = PBXFileReference; lastKnownFileType = text.plist.xml; path = Info.plist; sourceTree = "<group>"; };
		4D4170CA2393C5F70055777C /* CollectionViewTests.xctest */ = {isa = PBXFileReference; explicitFileType = wrapper.cfbundle; includeInIndex = 0; path = CollectionViewTests.xctest; sourceTree = BUILT_PRODUCTS_DIR; };
		4D4170CE2393C5F70055777C /* CollectionViewTests.swift */ = {isa = PBXFileReference; lastKnownFileType = sourcecode.swift; path = CollectionViewTests.swift; sourceTree = "<group>"; };
		4D4170D02393C5F70055777C /* Info.plist */ = {isa = PBXFileReference; lastKnownFileType = text.plist.xml; path = Info.plist; sourceTree = "<group>"; };
		4D4170D52393C5F80055777C /* CollectionViewUITests.xctest */ = {isa = PBXFileReference; explicitFileType = wrapper.cfbundle; includeInIndex = 0; path = CollectionViewUITests.xctest; sourceTree = BUILT_PRODUCTS_DIR; };
		4D4170D92393C5F80055777C /* CollectionViewUITests.swift */ = {isa = PBXFileReference; lastKnownFileType = sourcecode.swift; path = CollectionViewUITests.swift; sourceTree = "<group>"; };
		4D4170DB2393C5F80055777C /* Info.plist */ = {isa = PBXFileReference; lastKnownFileType = text.plist.xml; path = Info.plist; sourceTree = "<group>"; };
		4D4170E72393CF750055777C /* UiCollectionViewCell.swift */ = {isa = PBXFileReference; lastKnownFileType = sourcecode.swift; path = UiCollectionViewCell.swift; sourceTree = "<group>"; };
/* End PBXFileReference section */

/* Begin PBXFrameworksBuildPhase section */
		4D4170AE2393C5F60055777C /* Frameworks */ = {
			isa = PBXFrameworksBuildPhase;
			buildActionMask = 2147483647;
			files = (
			);
			runOnlyForDeploymentPostprocessing = 0;
		};
		4D4170C72393C5F70055777C /* Frameworks */ = {
			isa = PBXFrameworksBuildPhase;
			buildActionMask = 2147483647;
			files = (
			);
			runOnlyForDeploymentPostprocessing = 0;
		};
		4D4170D22393C5F80055777C /* Frameworks */ = {
			isa = PBXFrameworksBuildPhase;
			buildActionMask = 2147483647;
			files = (
			);
			runOnlyForDeploymentPostprocessing = 0;
		};
/* End PBXFrameworksBuildPhase section */

/* Begin PBXGroup section */
		4D4170A82393C5F60055777C = {
			isa = PBXGroup;
			children = (
				4D4170B32393C5F60055777C /* CollectionView */,
				4D4170CD2393C5F70055777C /* CollectionViewTests */,
				4D4170D82393C5F80055777C /* CollectionViewUITests */,
				4D4170B22393C5F60055777C /* Products */,
			);
			sourceTree = "<group>";
		};
		4D4170B22393C5F60055777C /* Products */ = {
			isa = PBXGroup;
			children = (
				4D4170B12393C5F60055777C /* CollectionView.app */,
				4D4170CA2393C5F70055777C /* CollectionViewTests.xctest */,
				4D4170D52393C5F80055777C /* CollectionViewUITests.xctest */,
			);
			name = Products;
			sourceTree = "<group>";
		};
		4D4170B32393C5F60055777C /* CollectionView */ = {
			isa = PBXGroup;
			children = (
				4D4170B42393C5F60055777C /* AppDelegate.swift */,
				4D4170B62393C5F60055777C /* SceneDelegate.swift */,
				4D4170B82393C5F60055777C /* ViewController.swift */,
				4D4170BA2393C5F60055777C /* Main.storyboard */,
				4D4170E72393CF750055777C /* UiCollectionViewCell.swift */,
				4D4170C02393C5F70055777C /* Assets.xcassets */,
				4D4170C52393C5F70055777C /* Info.plist */,
				4D4170BD2393C5F60055777C /* CollectionView.xcdatamodeld */,
			);
			path = CollectionView;
			sourceTree = "<group>";
		};
		4D4170CD2393C5F70055777C /* CollectionViewTests */ = {
			isa = PBXGroup;
			children = (
				4D4170CE2393C5F70055777C /* CollectionViewTests.swift */,
				4D4170D02393C5F70055777C /* Info.plist */,
			);
			path = CollectionViewTests;
			sourceTree = "<group>";
		};
		4D4170D82393C5F80055777C /* CollectionViewUITests */ = {
			isa = PBXGroup;
			children = (
				4D4170D92393C5F80055777C /* CollectionViewUITests.swift */,
				4D4170DB2393C5F80055777C /* Info.plist */,
			);
			path = CollectionViewUITests;
			sourceTree = "<group>";
		};
/* End PBXGroup section */

/* Begin PBXNativeTarget section */
		4D4170B02393C5F60055777C /* CollectionView */ = {
			isa = PBXNativeTarget;
			buildConfigurationList = 4D4170DE2393C5F80055777C /* Build configuration list for PBXNativeTarget "CollectionView" */;
			buildPhases = (
				4D4170AD2393C5F60055777C /* Sources */,
				4D4170AE2393C5F60055777C /* Frameworks */,
				4D4170AF2393C5F60055777C /* Resources */,
			);
			buildRules = (
			);
			dependencies = (
			);
			name = CollectionView;
			productName = CollectionView;
			productReference = 4D4170B12393C5F60055777C /* CollectionView.app */;
			productType = "com.apple.product-type.application";
		};
		4D4170C92393C5F70055777C /* CollectionViewTests */ = {
			isa = PBXNativeTarget;
			buildConfigurationList = 4D4170E12393C5F80055777C /* Build configuration list for PBXNativeTarget "CollectionViewTests" */;
			buildPhases = (
				4D4170C62393C5F70055777C /* Sources */,
				4D4170C72393C5F70055777C /* Frameworks */,
				4D4170C82393C5F70055777C /* Resources */,
			);
			buildRules = (
			);
			dependencies = (
				4D4170CC2393C5F70055777C /* PBXTargetDependency */,
			);
			name = CollectionViewTests;
			productName = CollectionViewTests;
			productReference = 4D4170CA2393C5F70055777C /* CollectionViewTests.xctest */;
			productType = "com.apple.product-type.bundle.unit-test";
		};
		4D4170D42393C5F80055777C /* CollectionViewUITests */ = {
			isa = PBXNativeTarget;
			buildConfigurationList = 4D4170E42393C5F80055777C /* Build configuration list for PBXNativeTarget "CollectionViewUITests" */;
			buildPhases = (
				4D4170D12393C5F80055777C /* Sources */,
				4D4170D22393C5F80055777C /* Frameworks */,
				4D4170D32393C5F80055777C /* Resources */,
			);
			buildRules = (
			);
			dependencies = (
				4D4170D72393C5F80055777C /* PBXTargetDependency */,
			);
			name = CollectionViewUITests;
			productName = CollectionViewUITests;
			productReference = 4D4170D52393C5F80055777C /* CollectionViewUITests.xctest */;
			productType = "com.apple.product-type.bundle.ui-testing";
		};
/* End PBXNativeTarget section */

/* Begin PBXProject section */
		4D4170A92393C5F60055777C /* Project object */ = {
			isa = PBXProject;
			attributes = {
				LastSwiftUpdateCheck = 1100;
				LastUpgradeCheck = 1100;
				ORGANIZATIONNAME = ahmedHigherVisibility;
				TargetAttributes = {
					4D4170B02393C5F60055777C = {
						CreatedOnToolsVersion = 11.0;
					};
					4D4170C92393C5F70055777C = {
						CreatedOnToolsVersion = 11.0;
						TestTargetID = 4D4170B02393C5F60055777C;
					};
					4D4170D42393C5F80055777C = {
						CreatedOnToolsVersion = 11.0;
						TestTargetID = 4D4170B02393C5F60055777C;
					};
				};
			};
			buildConfigurationList = 4D4170AC2393C5F60055777C /* Build configuration list for PBXProject "CollectionView" */;
			compatibilityVersion = "Xcode 9.3";
			developmentRegion = en;
			hasScannedForEncodings = 0;
			knownRegions = (
				en,
				Base,
			);
			mainGroup = 4D4170A82393C5F60055777C;
			productRefGroup = 4D4170B22393C5F60055777C /* Products */;
			projectDirPath = "";
			projectRoot = "";
			targets = (
				4D4170B02393C5F60055777C /* CollectionView */,
				4D4170C92393C5F70055777C /* CollectionViewTests */,
				4D4170D42393C5F80055777C /* CollectionViewUITests */,
			);
		};
/* End PBXProject section */

/* Begin PBXResourcesBuildPhase section */
		4D4170AF2393C5F60055777C /* Resources */ = {
			isa = PBXResourcesBuildPhase;
			buildActionMask = 2147483647;
			files = (
				4D4170C12393C5F70055777C /* Assets.xcassets in Resources */,
				4D4170BC2393C5F60055777C /* Main.storyboard in Resources */,
			);
			runOnlyForDeploymentPostprocessing = 0;
		};
		4D4170C82393C5F70055777C /* Resources */ = {
			isa = PBXResourcesBuildPhase;
			buildActionMask = 2147483647;
			files = (
			);
			runOnlyForDeploymentPostprocessing = 0;
		};
		4D4170D32393C5F80055777C /* Resources */ = {
			isa = PBXResourcesBuildPhase;
			buildActionMask = 2147483647;
			files = (
			);
			runOnlyForDeploymentPostprocessing = 0;
		};
/* End PBXResourcesBuildPhase section */

/* Begin PBXSourcesBuildPhase section */
		4D4170AD2393C5F60055777C /* Sources */ = {
			isa = PBXSourcesBuildPhase;
			buildActionMask = 2147483647;
			files = (
				4D4170E82393CF750055777C /* UiCollectionViewCell.swift in Sources */,
				4D4170B92393C5F60055777C /* ViewController.swift in Sources */,
				4D4170B52393C5F60055777C /* AppDelegate.swift in Sources */,
				4D4170BF2393C5F60055777C /* CollectionView.xcdatamodeld in Sources */,
				4D4170B72393C5F60055777C /* SceneDelegate.swift in Sources */,
			);
			runOnlyForDeploymentPostprocessing = 0;
		};
		4D4170C62393C5F70055777C /* Sources */ = {
			isa = PBXSourcesBuildPhase;
			buildActionMask = 2147483647;
			files = (
				4D4170CF2393C5F70055777C /* CollectionViewTests.swift in Sources */,
			);
			runOnlyForDeploymentPostprocessing = 0;
		};
		4D4170D12393C5F80055777C /* Sources */ = {
			isa = PBXSourcesBuildPhase;
			buildActionMask = 2147483647;
			files = (
				4D4170DA2393C5F80055777C /* CollectionViewUITests.swift in Sources */,
			);
			runOnlyForDeploymentPostprocessing = 0;
		};
/* End PBXSourcesBuildPhase section */

/* Begin PBXTargetDependency section */
		4D4170CC2393C5F70055777C /* PBXTargetDependency */ = {
			isa = PBXTargetDependency;
			target = 4D4170B02393C5F60055777C /* CollectionView */;
			targetProxy = 4D4170CB2393C5F70055777C /* PBXContainerItemProxy */;
		};
		4D4170D72393C5F80055777C /* PBXTargetDependency */ = {
			isa = PBXTargetDependency;
			target = 4D4170B02393C5F60055777C /* CollectionView */;
			targetProxy = 4D4170D62393C5F80055777C /* PBXContainerItemProxy */;
		};
/* End PBXTargetDependency section */

/* Begin PBXVariantGroup section */
		4D4170BA2393C5F60055777C /* Main.storyboard */ = {
			isa = PBXVariantGroup;
			children = (
				4D4170BB2393C5F60055777C /* Base */,
			);
			name = Main.storyboard;
			sourceTree = "<group>";
		};
/* End PBXVariantGroup section */

/* Begin XCBuildConfiguration section */
		4D4170DC2393C5F80055777C /* Debug */ = {
			isa = XCBuildConfiguration;
			buildSettings = {
				ALWAYS_SEARCH_USER_PATHS = NO;
				CLANG_ANALYZER_NONNULL = YES;
				CLANG_ANALYZER_NUMBER_OBJECT_CONVERSION = YES_AGGRESSIVE;
				CLANG_CXX_LANGUAGE_STANDARD = "gnu++14";
				CLANG_CXX_LIBRARY = "libc++";
				CLANG_ENABLE_MODULES = YES;
				CLANG_ENABLE_OBJC_ARC = YES;
				CLANG_ENABLE_OBJC_WEAK = YES;
				CLANG_WARN_BLOCK_CAPTURE_AUTORELEASING = YES;
				CLANG_WARN_BOOL_CONVERSION = YES;
				CLANG_WARN_COMMA = YES;
				CLANG_WARN_CONSTANT_CONVERSION = YES;
				CLANG_WARN_DEPRECATED_OBJC_IMPLEMENTATIONS = YES;
				CLANG_WARN_DIRECT_OBJC_ISA_USAGE = YES_ERROR;
				CLANG_WARN_DOCUMENTATION_COMMENTS = YES;
				CLANG_WARN_EMPTY_BODY = YES;
				CLANG_WARN_ENUM_CONVERSION = YES;
				CLANG_WARN_INFINITE_RECURSION = YES;
				CLANG_WARN_INT_CONVERSION = YES;
				CLANG_WARN_NON_LITERAL_NULL_CONVERSION = YES;
				CLANG_WARN_OBJC_IMPLICIT_RETAIN_SELF = YES;
				CLANG_WARN_OBJC_LITERAL_CONVERSION = YES;
				CLANG_WARN_OBJC_ROOT_CLASS = YES_ERROR;
				CLANG_WARN_RANGE_LOOP_ANALYSIS = YES;
				CLANG_WARN_STRICT_PROTOTYPES = YES;
				CLANG_WARN_SUSPICIOUS_MOVE = YES;
				CLANG_WARN_UNGUARDED_AVAILABILITY = YES_AGGRESSIVE;
				CLANG_WARN_UNREACHABLE_CODE = YES;
				CLANG_WARN__DUPLICATE_METHOD_MATCH = YES;
				COPY_PHASE_STRIP = NO;
				DEBUG_INFORMATION_FORMAT = dwarf;
				ENABLE_STRICT_OBJC_MSGSEND = YES;
				ENABLE_TESTABILITY = YES;
				GCC_C_LANGUAGE_STANDARD = gnu11;
				GCC_DYNAMIC_NO_PIC = NO;
				GCC_NO_COMMON_BLOCKS = YES;
				GCC_OPTIMIZATION_LEVEL = 0;
				GCC_PREPROCESSOR_DEFINITIONS = (
					"DEBUG=1",
					"$(inherited)",
				);
				GCC_WARN_64_TO_32_BIT_CONVERSION = YES;
				GCC_WARN_ABOUT_RETURN_TYPE = YES_ERROR;
				GCC_WARN_UNDECLARED_SELECTOR = YES;
				GCC_WARN_UNINITIALIZED_AUTOS = YES_AGGRESSIVE;
				GCC_WARN_UNUSED_FUNCTION = YES;
				GCC_WARN_UNUSED_VARIABLE = YES;
				IPHONEOS_DEPLOYMENT_TARGET = 13.0;
				MTL_ENABLE_DEBUG_INFO = INCLUDE_SOURCE;
				MTL_FAST_MATH = YES;
				ONLY_ACTIVE_ARCH = YES;
				SDKROOT = iphoneos;
				SWIFT_ACTIVE_COMPILATION_CONDITIONS = DEBUG;
				SWIFT_OPTIMIZATION_LEVEL = "-Onone";
			};
			name = Debug;
		};
		4D4170DD2393C5F80055777C /* Release */ = {
			isa = XCBuildConfiguration;
			buildSettings = {
				ALWAYS_SEARCH_USER_PATHS = NO;
				CLANG_ANALYZER_NONNULL = YES;
				CLANG_ANALYZER_NUMBER_OBJECT_CONVERSION = YES_AGGRESSIVE;
				CLANG_CXX_LANGUAGE_STANDARD = "gnu++14";
				CLANG_CXX_LIBRARY = "libc++";
				CLANG_ENABLE_MODULES = YES;
				CLANG_ENABLE_OBJC_ARC = YES;
				CLANG_ENABLE_OBJC_WEAK = YES;
				CLANG_WARN_BLOCK_CAPTURE_AUTORELEASING = YES;
				CLANG_WARN_BOOL_CONVERSION = YES;
				CLANG_WARN_COMMA = YES;
				CLANG_WARN_CONSTANT_CONVERSION = YES;
				CLANG_WARN_DEPRECATED_OBJC_IMPLEMENTATIONS = YES;
				CLANG_WARN_DIRECT_OBJC_ISA_USAGE = YES_ERROR;
				CLANG_WARN_DOCUMENTATION_COMMENTS = YES;
				CLANG_WARN_EMPTY_BODY = YES;
				CLANG_WARN_ENUM_CONVERSION = YES;
				CLANG_WARN_INFINITE_RECURSION = YES;
				CLANG_WARN_INT_CONVERSION = YES;
				CLANG_WARN_NON_LITERAL_NULL_CONVERSION = YES;
				CLANG_WARN_OBJC_IMPLICIT_RETAIN_SELF = YES;
				CLANG_WARN_OBJC_LITERAL_CONVERSION = YES;
				CLANG_WARN_OBJC_ROOT_CLASS = YES_ERROR;
				CLANG_WARN_RANGE_LOOP_ANALYSIS = YES;
				CLANG_WARN_STRICT_PROTOTYPES = YES;
				CLANG_WARN_SUSPICIOUS_MOVE = YES;
				CLANG_WARN_UNGUARDED_AVAILABILITY = YES_AGGRESSIVE;
				CLANG_WARN_UNREACHABLE_CODE = YES;
				CLANG_WARN__DUPLICATE_METHOD_MATCH = YES;
				COPY_PHASE_STRIP = NO;
				DEBUG_INFORMATION_FORMAT = "dwarf-with-dsym";
				ENABLE_NS_ASSERTIONS = NO;
				ENABLE_STRICT_OBJC_MSGSEND = YES;
				GCC_C_LANGUAGE_STANDARD = gnu11;
				GCC_NO_COMMON_BLOCKS = YES;
				GCC_WARN_64_TO_32_BIT_CONVERSION = YES;
				GCC_WARN_ABOUT_RETURN_TYPE = YES_ERROR;
				GCC_WARN_UNDECLARED_SELECTOR = YES;
				GCC_WARN_UNINITIALIZED_AUTOS = YES_AGGRESSIVE;
				GCC_WARN_UNUSED_FUNCTION = YES;
				GCC_WARN_UNUSED_VARIABLE = YES;
				IPHONEOS_DEPLOYMENT_TARGET = 13.0;
				MTL_ENABLE_DEBUG_INFO = NO;
				MTL_FAST_MATH = YES;
				SDKROOT = iphoneos;
				SWIFT_COMPILATION_MODE = wholemodule;
				SWIFT_OPTIMIZATION_LEVEL = "-O";
				VALIDATE_PRODUCT = YES;
			};
			name = Release;
		};
		4D4170DF2393C5F80055777C /* Debug */ = {
			isa = XCBuildConfiguration;
			buildSettings = {
				ASSETCATALOG_COMPILER_APPICON_NAME = AppIcon;
				CODE_SIGN_STYLE = Automatic;
				DEVELOPMENT_TEAM = 672387VDVV;
				INFOPLIST_FILE = CollectionView/Info.plist;
				LD_RUNPATH_SEARCH_PATHS = (
					"$(inherited)",
					"@executable_path/Frameworks",
				);
				PRODUCT_BUNDLE_IDENTIFIER = com.HigherVisibility.CollectionView;
				PRODUCT_NAME = "$(TARGET_NAME)";
				SWIFT_VERSION = 5.0;
				TARGETED_DEVICE_FAMILY = "1,2";
			};
			name = Debug;
		};
		4D4170E02393C5F80055777C /* Release */ = {
			isa = XCBuildConfiguration;
			buildSettings = {
				ASSETCATALOG_COMPILER_APPICON_NAME = AppIcon;
				CODE_SIGN_STYLE = Automatic;
				DEVELOPMENT_TEAM = 672387VDVV;
				INFOPLIST_FILE = CollectionView/Info.plist;
				LD_RUNPATH_SEARCH_PATHS = (
					"$(inherited)",
					"@executable_path/Frameworks",
				);
				PRODUCT_BUNDLE_IDENTIFIER = com.HigherVisibility.CollectionView;
				PRODUCT_NAME = "$(TARGET_NAME)";
				SWIFT_VERSION = 5.0;
				TARGETED_DEVICE_FAMILY = "1,2";
			};
			name = Release;
		};
		4D4170E22393C5F80055777C /* Debug */ = {
			isa = XCBuildConfiguration;
			buildSettings = {
				ALWAYS_EMBED_SWIFT_STANDARD_LIBRARIES = YES;
				BUNDLE_LOADER = "$(TEST_HOST)";
				CODE_SIGN_STYLE = Automatic;
				DEVELOPMENT_TEAM = 672387VDVV;
				INFOPLIST_FILE = CollectionViewTests/Info.plist;
				IPHONEOS_DEPLOYMENT_TARGET = 13.0;
				LD_RUNPATH_SEARCH_PATHS = (
					"$(inherited)",
					"@executable_path/Frameworks",
					"@loader_path/Frameworks",
				);
				PRODUCT_BUNDLE_IDENTIFIER = com.HigherVisibility.CollectionViewTests;
				PRODUCT_NAME = "$(TARGET_NAME)";
				SWIFT_VERSION = 5.0;
				TARGETED_DEVICE_FAMILY = "1,2";
				TEST_HOST = "$(BUILT_PRODUCTS_DIR)/CollectionView.app/CollectionView";
			};
			name = Debug;
		};
		4D4170E32393C5F80055777C /* Release */ = {
			isa = XCBuildConfiguration;
			buildSettings = {
				ALWAYS_EMBED_SWIFT_STANDARD_LIBRARIES = YES;
				BUNDLE_LOADER = "$(TEST_HOST)";
				CODE_SIGN_STYLE = Automatic;
				DEVELOPMENT_TEAM = 672387VDVV;
				INFOPLIST_FILE = CollectionViewTests/Info.plist;
				IPHONEOS_DEPLOYMENT_TARGET = 13.0;
				LD_RUNPATH_SEARCH_PATHS = (
					"$(inherited)",
					"@executable_path/Frameworks",
					"@loader_path/Frameworks",
				);
				PRODUCT_BUNDLE_IDENTIFIER = com.HigherVisibility.CollectionViewTests;
				PRODUCT_NAME = "$(TARGET_NAME)";
				SWIFT_VERSION = 5.0;
				TARGETED_DEVICE_FAMILY = "1,2";
				TEST_HOST = "$(BUILT_PRODUCTS_DIR)/CollectionView.app/CollectionView";
			};
			name = Release;
		};
		4D4170E52393C5F80055777C /* Debug */ = {
			isa = XCBuildConfiguration;
			buildSettings = {
				ALWAYS_EMBED_SWIFT_STANDARD_LIBRARIES = YES;
				CODE_SIGN_STYLE = Automatic;
				DEVELOPMENT_TEAM = 672387VDVV;
				INFOPLIST_FILE = CollectionViewUITests/Info.plist;
				LD_RUNPATH_SEARCH_PATHS = (
					"$(inherited)",
					"@executable_path/Frameworks",
					"@loader_path/Frameworks",
				);
				PRODUCT_BUNDLE_IDENTIFIER = com.HigherVisibility.CollectionViewUITests;
				PRODUCT_NAME = "$(TARGET_NAME)";
				SWIFT_VERSION = 5.0;
				TARGETED_DEVICE_FAMILY = "1,2";
				TEST_TARGET_NAME = CollectionView;
			};
			name = Debug;
		};
		4D4170E62393C5F80055777C /* Release */ = {
			isa = XCBuildConfiguration;
			buildSettings = {
				ALWAYS_EMBED_SWIFT_STANDARD_LIBRARIES = YES;
				CODE_SIGN_STYLE = Automatic;
				DEVELOPMENT_TEAM = 672387VDVV;
				INFOPLIST_FILE = CollectionViewUITests/Info.plist;
				LD_RUNPATH_SEARCH_PATHS = (
					"$(inherited)",
					"@executable_path/Frameworks",
					"@loader_path/Frameworks",
				);
				PRODUCT_BUNDLE_IDENTIFIER = com.HigherVisibility.CollectionViewUITests;
				PRODUCT_NAME = "$(TARGET_NAME)";
				SWIFT_VERSION = 5.0;
				TARGETED_DEVICE_FAMILY = "1,2";
				TEST_TARGET_NAME = CollectionView;
			};
			name = Release;
		};
/* End XCBuildConfiguration section */

/* Begin XCConfigurationList section */
		4D4170AC2393C5F60055777C /* Build configuration list for PBXProject "CollectionView" */ = {
			isa = XCConfigurationList;
			buildConfigurations = (
				4D4170DC2393C5F80055777C /* Debug */,
				4D4170DD2393C5F80055777C /* Release */,
			);
			defaultConfigurationIsVisible = 0;
			defaultConfigurationName = Release;
		};
		4D4170DE2393C5F80055777C /* Build configuration list for PBXNativeTarget "CollectionView" */ = {
			isa = XCConfigurationList;
			buildConfigurations = (
				4D4170DF2393C5F80055777C /* Debug */,
				4D4170E02393C5F80055777C /* Release */,
			);
			defaultConfigurationIsVisible = 0;
			defaultConfigurationName = Release;
		};
		4D4170E12393C5F80055777C /* Build configuration list for PBXNativeTarget "CollectionViewTests" */ = {
			isa = XCConfigurationList;
			buildConfigurations = (
				4D4170E22393C5F80055777C /* Debug */,
				4D4170E32393C5F80055777C /* Release */,
			);
			defaultConfigurationIsVisible = 0;
			defaultConfigurationName = Release;
		};
		4D4170E42393C5F80055777C /* Build configuration list for PBXNativeTarget "CollectionViewUITests" */ = {
			isa = XCConfigurationList;
			buildConfigurations = (
				4D4170E52393C5F80055777C /* Debug */,
				4D4170E62393C5F80055777C /* Release */,
			);
			defaultConfigurationIsVisible = 0;
			defaultConfigurationName = Release;
		};
/* End XCConfigurationList section */

/* Begin XCVersionGroup section */
		4D4170BD2393C5F60055777C /* CollectionView.xcdatamodeld */ = {
			isa = XCVersionGroup;
			children = (
				4D4170BE2393C5F60055777C /* CollectionView.xcdatamodel */,
			);
			currentVersion = 4D4170BE2393C5F60055777C /* CollectionView.xcdatamodel */;
			path = CollectionView.xcdatamodeld;
			sourceTree = "<group>";
			versionGroupType = wrapper.xcdatamodel;
		};
/* End XCVersionGroup section */
	};
	rootObject = 4D4170A92393C5F60055777C /* Project object */;
}
